
Microsoft Visual Studio Solution File, Format Version 12.00
# Visual Studio Version 16
VisualStudioVersion = 16.0.34031.81
MinimumVisualStudioVersion = 10.0.40219.1
Project("{2150E333-8FDC-42A3-9474-1A3956D46DE8}") = "src", "src", "{61EFB936-B4AF-4806-89B2-22B8FE2C534A}"
EndProject
Project("{2150E333-8FDC-42A3-9474-1A3956D46DE8}") = "Services", "Services", "{C3D3EBAA-A75B-4C6B-94F9-F51529F1224C}"
EndProject
Project("{2150E333-8FDC-42A3-9474-1A3956D46DE8}") = "Building Blocks", "Building Blocks", "{3A33E393-46AB-4C23-B0F6-2FA4C04FBF8A}"
EndProject
Project("{2150E333-8FDC-42A3-9474-1A3956D46DE8}") = "Web", "Web", "{E73CB5C1-B6F4-4F33-A485-E6C89470F2C8}"
EndProject
Project("{2150E333-8FDC-42A3-9474-1A3956D46DE8}") = "Identity", "Identity", "{29326F4B-27F6-4143-9502-E28DE6BD3E1E}"
EndProject
Project("{FAE04EC0-301F-11D3-BF4B-00C04F79EFBC}") = "NSE.Identity.API", "src\services\NSE.Identity.API\NSE.Identity.API.csproj", "{6B16ADD7-BECF-4EEC-AA53-853EDF2C9580}"
EndProject
Project("{2150E333-8FDC-42A3-9474-1A3956D46DE8}") = "MVC", "MVC", "{29803D1A-EA42-434B-8AF0-DDD203B20DA0}"
EndProject
Project("{FAE04EC0-301F-11D3-BF4B-00C04F79EFBC}") = "NSE.WebApp.MVC", "src\web\NSE.WebApp.MVC\NSE.WebApp.MVC.csproj", "{A750656C-703C-46CE-A54A-6ECCCFAED4BD}"
EndProject
Project("{2150E333-8FDC-42A3-9474-1A3956D46DE8}") = "Core", "Core", "{A9A8D7E2-E242-40B0-8029-24300A3DD962}"
EndProject
Project("{FAE04EC0-301F-11D3-BF4B-00C04F79EFBC}") = "NSE.Core", "src\building blocks\NSE.Core\NSE.Core.csproj", "{32E54AF2-F9A1-4FBA-9923-E738FEB94215}"
EndProject
Project("{FAE04EC0-301F-11D3-BF4B-00C04F79EFBC}") = "NSE.Cart.API", "src\services\NSE.Cart.API\NSE.Cart.API.csproj", "{10A40F27-FB4C-49BB-AE72-CB02847F251C}"
EndProject
Project("{FAE04EC0-301F-11D3-BF4B-00C04F79EFBC}") = "NSE.Catalog.API", "src\services\NSE.Catalog.API\NSE.Catalog.API.csproj", "{EE626FB3-892A-47D4-BA59-30F069C369D6}"
EndProject
Project("{FAE04EC0-301F-11D3-BF4B-00C04F79EFBC}") = "NSE.Client.API", "src\services\NSE.Client.API\NSE.Client.API.csproj", "{CCCEEC59-CF90-4B04-B955-9130D80FFBE2}"
EndProject
Project("{FAE04EC0-301F-11D3-BF4B-00C04F79EFBC}") = "NSE.Payment.API", "src\services\NSE.Payment.API\NSE.Payment.API.csproj", "{4584A813-B826-4DE4-B5E0-11B450BAD8AF}"
EndProject
Project("{FAE04EC0-301F-11D3-BF4B-00C04F79EFBC}") = "NSE.Order.API", "src\services\NSE.Order.API\NSE.Order.API.csproj", "{7C784030-7A37-420F-8C6B-665C21867E72}"
EndProject
Project("{2150E333-8FDC-42A3-9474-1A3956D46DE8}") = "Payment", "Payment", "{E24223CC-DEE7-4329-85CD-34DE696AA5D9}"
EndProject
Project("{2150E333-8FDC-42A3-9474-1A3956D46DE8}") = "Cart", "Cart", "{69295A29-2C8F-4EAD-B2CE-52511CF5031D}"
EndProject
Project("{2150E333-8FDC-42A3-9474-1A3956D46DE8}") = "Client", "Client", "{2EDBAFCE-AA73-4559-8A23-166A7DC05452}"
EndProject
Project("{2150E333-8FDC-42A3-9474-1A3956D46DE8}") = "Order", "Order", "{B9EBA1D4-4F32-4549-98F8-02681AAE76A9}"
EndProject
Project("{2150E333-8FDC-42A3-9474-1A3956D46DE8}") = "Catalog", "Catalog", "{AF60FF7E-166F-4286-B6D0-347B298EC83E}"
EndProject
Global
	GlobalSection(SolutionConfigurationPlatforms) = preSolution
		Debug|Any CPU = Debug|Any CPU
		Release|Any CPU = Release|Any CPU
	EndGlobalSection
	GlobalSection(ProjectConfigurationPlatforms) = postSolution
		{6B16ADD7-BECF-4EEC-AA53-853EDF2C9580}.Debug|Any CPU.ActiveCfg = Debug|Any CPU
		{6B16ADD7-BECF-4EEC-AA53-853EDF2C9580}.Debug|Any CPU.Build.0 = Debug|Any CPU
		{6B16ADD7-BECF-4EEC-AA53-853EDF2C9580}.Release|Any CPU.ActiveCfg = Release|Any CPU
		{6B16ADD7-BECF-4EEC-AA53-853EDF2C9580}.Release|Any CPU.Build.0 = Release|Any CPU
		{A750656C-703C-46CE-A54A-6ECCCFAED4BD}.Debug|Any CPU.ActiveCfg = Debug|Any CPU
		{A750656C-703C-46CE-A54A-6ECCCFAED4BD}.Debug|Any CPU.Build.0 = Debug|Any CPU
		{A750656C-703C-46CE-A54A-6ECCCFAED4BD}.Release|Any CPU.ActiveCfg = Release|Any CPU
		{A750656C-703C-46CE-A54A-6ECCCFAED4BD}.Release|Any CPU.Build.0 = Release|Any CPU
		{32E54AF2-F9A1-4FBA-9923-E738FEB94215}.Debug|Any CPU.ActiveCfg = Debug|Any CPU
		{32E54AF2-F9A1-4FBA-9923-E738FEB94215}.Debug|Any CPU.Build.0 = Debug|Any CPU
		{32E54AF2-F9A1-4FBA-9923-E738FEB94215}.Release|Any CPU.ActiveCfg = Release|Any CPU
		{32E54AF2-F9A1-4FBA-9923-E738FEB94215}.Release|Any CPU.Build.0 = Release|Any CPU
		{10A40F27-FB4C-49BB-AE72-CB02847F251C}.Debug|Any CPU.ActiveCfg = Debug|Any CPU
		{10A40F27-FB4C-49BB-AE72-CB02847F251C}.Debug|Any CPU.Build.0 = Debug|Any CPU
		{10A40F27-FB4C-49BB-AE72-CB02847F251C}.Release|Any CPU.ActiveCfg = Release|Any CPU
		{10A40F27-FB4C-49BB-AE72-CB02847F251C}.Release|Any CPU.Build.0 = Release|Any CPU
		{EE626FB3-892A-47D4-BA59-30F069C369D6}.Debug|Any CPU.ActiveCfg = Debug|Any CPU
		{EE626FB3-892A-47D4-BA59-30F069C369D6}.Debug|Any CPU.Build.0 = Debug|Any CPU
		{EE626FB3-892A-47D4-BA59-30F069C369D6}.Release|Any CPU.ActiveCfg = Release|Any CPU
		{EE626FB3-892A-47D4-BA59-30F069C369D6}.Release|Any CPU.Build.0 = Release|Any CPU
		{CCCEEC59-CF90-4B04-B955-9130D80FFBE2}.Debug|Any CPU.ActiveCfg = Debug|Any CPU
		{CCCEEC59-CF90-4B04-B955-9130D80FFBE2}.Debug|Any CPU.Build.0 = Debug|Any CPU
		{CCCEEC59-CF90-4B04-B955-9130D80FFBE2}.Release|Any CPU.ActiveCfg = Release|Any CPU
		{CCCEEC59-CF90-4B04-B955-9130D80FFBE2}.Release|Any CPU.Build.0 = Release|Any CPU
		{4584A813-B826-4DE4-B5E0-11B450BAD8AF}.Debug|Any CPU.ActiveCfg = Debug|Any CPU
		{4584A813-B826-4DE4-B5E0-11B450BAD8AF}.Debug|Any CPU.Build.0 = Debug|Any CPU
		{4584A813-B826-4DE4-B5E0-11B450BAD8AF}.Release|Any CPU.ActiveCfg = Release|Any CPU
		{4584A813-B826-4DE4-B5E0-11B450BAD8AF}.Release|Any CPU.Build.0 = Release|Any CPU
		{7C784030-7A37-420F-8C6B-665C21867E72}.Debug|Any CPU.ActiveCfg = Debug|Any CPU
		{7C784030-7A37-420F-8C6B-665C21867E72}.Debug|Any CPU.Build.0 = Debug|Any CPU
		{7C784030-7A37-420F-8C6B-665C21867E72}.Release|Any CPU.ActiveCfg = Release|Any CPU
		{7C784030-7A37-420F-8C6B-665C21867E72}.Release|Any CPU.Build.0 = Release|Any CPU
	EndGlobalSection
	GlobalSection(SolutionProperties) = preSolution
		HideSolutionNode = FALSE
	EndGlobalSection
	GlobalSection(NestedProjects) = preSolution
		{C3D3EBAA-A75B-4C6B-94F9-F51529F1224C} = {61EFB936-B4AF-4806-89B2-22B8FE2C534A}
		{3A33E393-46AB-4C23-B0F6-2FA4C04FBF8A} = {61EFB936-B4AF-4806-89B2-22B8FE2C534A}
		{E73CB5C1-B6F4-4F33-A485-E6C89470F2C8} = {61EFB936-B4AF-4806-89B2-22B8FE2C534A}
		{29326F4B-27F6-4143-9502-E28DE6BD3E1E} = {C3D3EBAA-A75B-4C6B-94F9-F51529F1224C}
		{6B16ADD7-BECF-4EEC-AA53-853EDF2C9580} = {29326F4B-27F6-4143-9502-E28DE6BD3E1E}
		{29803D1A-EA42-434B-8AF0-DDD203B20DA0} = {E73CB5C1-B6F4-4F33-A485-E6C89470F2C8}
		{A750656C-703C-46CE-A54A-6ECCCFAED4BD} = {29803D1A-EA42-434B-8AF0-DDD203B20DA0}
		{A9A8D7E2-E242-40B0-8029-24300A3DD962} = {3A33E393-46AB-4C23-B0F6-2FA4C04FBF8A}
		{32E54AF2-F9A1-4FBA-9923-E738FEB94215} = {A9A8D7E2-E242-40B0-8029-24300A3DD962}
		{10A40F27-FB4C-49BB-AE72-CB02847F251C} = {69295A29-2C8F-4EAD-B2CE-52511CF5031D}
		{EE626FB3-892A-47D4-BA59-30F069C369D6} = {AF60FF7E-166F-4286-B6D0-347B298EC83E}
		{CCCEEC59-CF90-4B04-B955-9130D80FFBE2} = {2EDBAFCE-AA73-4559-8A23-166A7DC05452}
		{4584A813-B826-4DE4-B5E0-11B450BAD8AF} = {E24223CC-DEE7-4329-85CD-34DE696AA5D9}
		{7C784030-7A37-420F-8C6B-665C21867E72} = {B9EBA1D4-4F32-4549-98F8-02681AAE76A9}
		{E24223CC-DEE7-4329-85CD-34DE696AA5D9} = {C3D3EBAA-A75B-4C6B-94F9-F51529F1224C}
		{69295A29-2C8F-4EAD-B2CE-52511CF5031D} = {C3D3EBAA-A75B-4C6B-94F9-F51529F1224C}
		{2EDBAFCE-AA73-4559-8A23-166A7DC05452} = {C3D3EBAA-A75B-4C6B-94F9-F51529F1224C}
		{B9EBA1D4-4F32-4549-98F8-02681AAE76A9} = {C3D3EBAA-A75B-4C6B-94F9-F51529F1224C}
		{AF60FF7E-166F-4286-B6D0-347B298EC83E} = {C3D3EBAA-A75B-4C6B-94F9-F51529F1224C}
	EndGlobalSection
	GlobalSection(ExtensibilityGlobals) = postSolution
		SolutionGuid = {CCE8FB15-902D-41C3-9029-8EA914C966F1}
	EndGlobalSection
EndGlobal
